# THIS IS AN AUTOGENERATED FILE. DO NOT EDIT THIS FILE DIRECTLY.
# yarn lockfile v1


modern-normalize@^3.0.1:
  version "3.0.1"
  resolved "https://registry.yarnpkg.com/modern-normalize/-/modern-normalize-3.0.1.tgz#4e2dc8da282ab854d53d70d7155a8027f59fbed6"
  integrity sha512-VqlMdYi59Uch6fnUPxnpijWUQe+TW6zeWCvyr6Mb7JibheHzSuAAoJi2c71ZwIaWKpECpGpYHoaaBp6rBRr+/g==
